// !$*UTF8*$!
{
	archiveVersion = 1;
	classes = {
	};
	objectVersion = 48;
	objects = {

/* Begin PBXBuildFile section */
		486FB4910822C2593752D905 /* Pods_SlackTeamUITests.framework in Frameworks */ = {isa = PBXBuildFile; fileRef = AB2D78F48A78A5F2ABF81BBF /* Pods_SlackTeamUITests.framework */; };
		9DE9AAD9295FCB2DA75D3E48 /* Pods_SlackTeamTests.framework in Frameworks */ = {isa = PBXBuildFile; fileRef = 9A9E39C3747428ED35718311 /* Pods_SlackTeamTests.framework */; };
		B2950591202EA8B70054FF41 /* AppDelegate.swift in Sources */ = {isa = PBXBuildFile; fileRef = B2950590202EA8B70054FF41 /* AppDelegate.swift */; };
		B2950594202EA8B70054FF41 /* SlackTeam.xcdatamodeld in Sources */ = {isa = PBXBuildFile; fileRef = B2950592202EA8B70054FF41 /* SlackTeam.xcdatamodeld */; };
		B2950596202EA8B70054FF41 /* MasterViewController.swift in Sources */ = {isa = PBXBuildFile; fileRef = B2950595202EA8B70054FF41 /* MasterViewController.swift */; };
		B2950598202EA8B70054FF41 /* DetailViewController.swift in Sources */ = {isa = PBXBuildFile; fileRef = B2950597202EA8B70054FF41 /* DetailViewController.swift */; };
		B295059B202EA8B70054FF41 /* Main.storyboard in Resources */ = {isa = PBXBuildFile; fileRef = B2950599202EA8B70054FF41 /* Main.storyboard */; };
		B295059D202EA8B70054FF41 /* Assets.xcassets in Resources */ = {isa = PBXBuildFile; fileRef = B295059C202EA8B70054FF41 /* Assets.xcassets */; };
		B29505A0202EA8B70054FF41 /* LaunchScreen.storyboard in Resources */ = {isa = PBXBuildFile; fileRef = B295059E202EA8B70054FF41 /* LaunchScreen.storyboard */; };
		B29505AB202EA8B80054FF41 /* SlackTeamTests.swift in Sources */ = {isa = PBXBuildFile; fileRef = B29505AA202EA8B80054FF41 /* SlackTeamTests.swift */; };
		B29505B6202EA8B80054FF41 /* SlackTeamUITests.swift in Sources */ = {isa = PBXBuildFile; fileRef = B29505B5202EA8B80054FF41 /* SlackTeamUITests.swift */; };
		B29505C9203001F20054FF41 /* WebService.swift in Sources */ = {isa = PBXBuildFile; fileRef = B29505C8203001F20054FF41 /* WebService.swift */; };
		B29505CC203013930054FF41 /* User.swift in Sources */ = {isa = PBXBuildFile; fileRef = B29505CB203013930054FF41 /* User.swift */; };
		B29505D220301D4E0054FF41 /* ManagedObject.swift in Sources */ = {isa = PBXBuildFile; fileRef = B29505D120301D4E0054FF41 /* ManagedObject.swift */; };
		B29505D42030212B0054FF41 /* NSManagedObjectContext+Extensions.swift in Sources */ = {isa = PBXBuildFile; fileRef = B29505D32030212B0054FF41 /* NSManagedObjectContext+Extensions.swift */; };
		B29505D6203021D00054FF41 /* User+CoreDataProperties.swift in Sources */ = {isa = PBXBuildFile; fileRef = B29505D5203021D00054FF41 /* User+CoreDataProperties.swift */; };
		B29505D8203035990054FF41 /* User+ManagedObjectType.swift in Sources */ = {isa = PBXBuildFile; fileRef = B29505D7203035990054FF41 /* User+ManagedObjectType.swift */; };
		B29505DA20303F660054FF41 /* UserCell.swift in Sources */ = {isa = PBXBuildFile; fileRef = B29505D920303F660054FF41 /* UserCell.swift */; };
		D56B7F3B55986D1409FD8FE1 /* Pods_SlackTeam.framework in Frameworks */ = {isa = PBXBuildFile; fileRef = 8CF8D0AB35E017DF821CEB6D /* Pods_SlackTeam.framework */; };
/* End PBXBuildFile section */

/* Begin PBXContainerItemProxy section */
		B29505A7202EA8B80054FF41 /* PBXContainerItemProxy */ = {
			isa = PBXContainerItemProxy;
			containerPortal = B2950585202EA8B70054FF41 /* Project object */;
			proxyType = 1;
			remoteGlobalIDString = B295058C202EA8B70054FF41;
			remoteInfo = SlackTeam;
		};
		B29505B2202EA8B80054FF41 /* PBXContainerItemProxy */ = {
			isa = PBXContainerItemProxy;
			containerPortal = B2950585202EA8B70054FF41 /* Project object */;
			proxyType = 1;
			remoteGlobalIDString = B295058C202EA8B70054FF41;
			remoteInfo = SlackTeam;
		};
/* End PBXContainerItemProxy section */

/* Begin PBXFileReference section */
		2B174F0DDFE59983285365DC /* Pods-SlackTeam.release.xcconfig */ = {isa = PBXFileReference; includeInIndex = 1; lastKnownFileType = text.xcconfig; name = "Pods-SlackTeam.release.xcconfig"; path = "Pods/Target Support Files/Pods-SlackTeam/Pods-SlackTeam.release.xcconfig"; sourceTree = "<group>"; };
		8CF8D0AB35E017DF821CEB6D /* Pods_SlackTeam.framework */ = {isa = PBXFileReference; explicitFileType = wrapper.framework; includeInIndex = 0; path = Pods_SlackTeam.framework; sourceTree = BUILT_PRODUCTS_DIR; };
		9A9E39C3747428ED35718311 /* Pods_SlackTeamTests.framework */ = {isa = PBXFileReference; explicitFileType = wrapper.framework; includeInIndex = 0; path = Pods_SlackTeamTests.framework; sourceTree = BUILT_PRODUCTS_DIR; };
		9EF9CA37C22C6488A423E73D /* Pods-SlackTeam.debug.xcconfig */ = {isa = PBXFileReference; includeInIndex = 1; lastKnownFileType = text.xcconfig; name = "Pods-SlackTeam.debug.xcconfig"; path = "Pods/Target Support Files/Pods-SlackTeam/Pods-SlackTeam.debug.xcconfig"; sourceTree = "<group>"; };
		AB2D78F48A78A5F2ABF81BBF /* Pods_SlackTeamUITests.framework */ = {isa = PBXFileReference; explicitFileType = wrapper.framework; includeInIndex = 0; path = Pods_SlackTeamUITests.framework; sourceTree = BUILT_PRODUCTS_DIR; };
		B295058D202EA8B70054FF41 /* SlackTeam.app */ = {isa = PBXFileReference; explicitFileType = wrapper.application; includeInIndex = 0; path = SlackTeam.app; sourceTree = BUILT_PRODUCTS_DIR; };
		B2950590202EA8B70054FF41 /* AppDelegate.swift */ = {isa = PBXFileReference; lastKnownFileType = sourcecode.swift; path = AppDelegate.swift; sourceTree = "<group>"; };
		B2950593202EA8B70054FF41 /* SlackTeam.xcdatamodel */ = {isa = PBXFileReference; lastKnownFileType = wrapper.xcdatamodel; path = SlackTeam.xcdatamodel; sourceTree = "<group>"; };
		B2950595202EA8B70054FF41 /* MasterViewController.swift */ = {isa = PBXFileReference; lastKnownFileType = sourcecode.swift; path = MasterViewController.swift; sourceTree = "<group>"; };
		B2950597202EA8B70054FF41 /* DetailViewController.swift */ = {isa = PBXFileReference; lastKnownFileType = sourcecode.swift; path = DetailViewController.swift; sourceTree = "<group>"; };
		B295059A202EA8B70054FF41 /* Base */ = {isa = PBXFileReference; lastKnownFileType = file.storyboard; name = Base; path = Base.lproj/Main.storyboard; sourceTree = "<group>"; };
		B295059C202EA8B70054FF41 /* Assets.xcassets */ = {isa = PBXFileReference; lastKnownFileType = folder.assetcatalog; path = Assets.xcassets; sourceTree = "<group>"; };
		B295059F202EA8B70054FF41 /* Base */ = {isa = PBXFileReference; lastKnownFileType = file.storyboard; name = Base; path = Base.lproj/LaunchScreen.storyboard; sourceTree = "<group>"; };
		B29505A1202EA8B70054FF41 /* Info.plist */ = {isa = PBXFileReference; lastKnownFileType = text.plist.xml; path = Info.plist; sourceTree = "<group>"; };
		B29505A6202EA8B80054FF41 /* SlackTeamTests.xctest */ = {isa = PBXFileReference; explicitFileType = wrapper.cfbundle; includeInIndex = 0; path = SlackTeamTests.xctest; sourceTree = BUILT_PRODUCTS_DIR; };
		B29505AA202EA8B80054FF41 /* SlackTeamTests.swift */ = {isa = PBXFileReference; lastKnownFileType = sourcecode.swift; path = SlackTeamTests.swift; sourceTree = "<group>"; };
		B29505AC202EA8B80054FF41 /* Info.plist */ = {isa = PBXFileReference; lastKnownFileType = text.plist.xml; path = Info.plist; sourceTree = "<group>"; };
		B29505B1202EA8B80054FF41 /* SlackTeamUITests.xctest */ = {isa = PBXFileReference; explicitFileType = wrapper.cfbundle; includeInIndex = 0; path = SlackTeamUITests.xctest; sourceTree = BUILT_PRODUCTS_DIR; };
		B29505B5202EA8B80054FF41 /* SlackTeamUITests.swift */ = {isa = PBXFileReference; lastKnownFileType = sourcecode.swift; path = SlackTeamUITests.swift; sourceTree = "<group>"; };
		B29505B7202EA8B80054FF41 /* Info.plist */ = {isa = PBXFileReference; lastKnownFileType = text.plist.xml; path = Info.plist; sourceTree = "<group>"; };
		B29505C8203001F20054FF41 /* WebService.swift */ = {isa = PBXFileReference; lastKnownFileType = sourcecode.swift; path = WebService.swift; sourceTree = "<group>"; };
		B29505CB203013930054FF41 /* User.swift */ = {isa = PBXFileReference; lastKnownFileType = sourcecode.swift; path = User.swift; sourceTree = "<group>"; };
		B29505D120301D4E0054FF41 /* ManagedObject.swift */ = {isa = PBXFileReference; lastKnownFileType = sourcecode.swift; path = ManagedObject.swift; sourceTree = "<group>"; };
		B29505D32030212B0054FF41 /* NSManagedObjectContext+Extensions.swift */ = {isa = PBXFileReference; lastKnownFileType = sourcecode.swift; path = "NSManagedObjectContext+Extensions.swift"; sourceTree = "<group>"; };
		B29505D5203021D00054FF41 /* User+CoreDataProperties.swift */ = {isa = PBXFileReference; lastKnownFileType = sourcecode.swift; path = "User+CoreDataProperties.swift"; sourceTree = "<group>"; };
		B29505D7203035990054FF41 /* User+ManagedObjectType.swift */ = {isa = PBXFileReference; lastKnownFileType = sourcecode.swift; path = "User+ManagedObjectType.swift"; sourceTree = "<group>"; };
		B29505D920303F660054FF41 /* UserCell.swift */ = {isa = PBXFileReference; lastKnownFileType = sourcecode.swift; path = UserCell.swift; sourceTree = "<group>"; };
		C170EAFAE3B0CD01C7CDE38F /* Pods-SlackTeamTests.debug.xcconfig */ = {isa = PBXFileReference; includeInIndex = 1; lastKnownFileType = text.xcconfig; name = "Pods-SlackTeamTests.debug.xcconfig"; path = "Pods/Target Support Files/Pods-SlackTeamTests/Pods-SlackTeamTests.debug.xcconfig"; sourceTree = "<group>"; };
		C2ED8C6753656B6CF3B0EA5D /* Pods-SlackTeamUITests.release.xcconfig */ = {isa = PBXFileReference; includeInIndex = 1; lastKnownFileType = text.xcconfig; name = "Pods-SlackTeamUITests.release.xcconfig"; path = "Pods/Target Support Files/Pods-SlackTeamUITests/Pods-SlackTeamUITests.release.xcconfig"; sourceTree = "<group>"; };
		CAE6705638D67BE044674959 /* Pods-SlackTeamUITests.debug.xcconfig */ = {isa = PBXFileReference; includeInIndex = 1; lastKnownFileType = text.xcconfig; name = "Pods-SlackTeamUITests.debug.xcconfig"; path = "Pods/Target Support Files/Pods-SlackTeamUITests/Pods-SlackTeamUITests.debug.xcconfig"; sourceTree = "<group>"; };
		EE606B94271831EEDC709ABC /* Pods-SlackTeamTests.release.xcconfig */ = {isa = PBXFileReference; includeInIndex = 1; lastKnownFileType = text.xcconfig; name = "Pods-SlackTeamTests.release.xcconfig"; path = "Pods/Target Support Files/Pods-SlackTeamTests/Pods-SlackTeamTests.release.xcconfig"; sourceTree = "<group>"; };
/* End PBXFileReference section */

/* Begin PBXFrameworksBuildPhase section */
		B295058A202EA8B70054FF41 /* Frameworks */ = {
			isa = PBXFrameworksBuildPhase;
			buildActionMask = 2147483647;
			files = (
				D56B7F3B55986D1409FD8FE1 /* Pods_SlackTeam.framework in Frameworks */,
			);
			runOnlyForDeploymentPostprocessing = 0;
		};
		B29505A3202EA8B80054FF41 /* Frameworks */ = {
			isa = PBXFrameworksBuildPhase;
			buildActionMask = 2147483647;
			files = (
				9DE9AAD9295FCB2DA75D3E48 /* Pods_SlackTeamTests.framework in Frameworks */,
			);
			runOnlyForDeploymentPostprocessing = 0;
		};
		B29505AE202EA8B80054FF41 /* Frameworks */ = {
			isa = PBXFrameworksBuildPhase;
			buildActionMask = 2147483647;
			files = (
				486FB4910822C2593752D905 /* Pods_SlackTeamUITests.framework in Frameworks */,
			);
			runOnlyForDeploymentPostprocessing = 0;
		};
/* End PBXFrameworksBuildPhase section */

/* Begin PBXGroup section */
		03E55A367D063A5F630FF963 /* Frameworks */ = {
			isa = PBXGroup;
			children = (
				8CF8D0AB35E017DF821CEB6D /* Pods_SlackTeam.framework */,
				9A9E39C3747428ED35718311 /* Pods_SlackTeamTests.framework */,
				AB2D78F48A78A5F2ABF81BBF /* Pods_SlackTeamUITests.framework */,
			);
			name = Frameworks;
			sourceTree = "<group>";
		};
		8D61B333173012BA776755CD /* Pods */ = {
			isa = PBXGroup;
			children = (
				9EF9CA37C22C6488A423E73D /* Pods-SlackTeam.debug.xcconfig */,
				2B174F0DDFE59983285365DC /* Pods-SlackTeam.release.xcconfig */,
				C170EAFAE3B0CD01C7CDE38F /* Pods-SlackTeamTests.debug.xcconfig */,
				EE606B94271831EEDC709ABC /* Pods-SlackTeamTests.release.xcconfig */,
				CAE6705638D67BE044674959 /* Pods-SlackTeamUITests.debug.xcconfig */,
				C2ED8C6753656B6CF3B0EA5D /* Pods-SlackTeamUITests.release.xcconfig */,
			);
			name = Pods;
			sourceTree = "<group>";
		};
		B2950584202EA8B70054FF41 = {
			isa = PBXGroup;
			children = (
				B295058F202EA8B70054FF41 /* SlackTeam */,
				B29505A9202EA8B80054FF41 /* SlackTeamTests */,
				B29505B4202EA8B80054FF41 /* SlackTeamUITests */,
				B295058E202EA8B70054FF41 /* Products */,
				8D61B333173012BA776755CD /* Pods */,
				03E55A367D063A5F630FF963 /* Frameworks */,
			);
			sourceTree = "<group>";
		};
		B295058E202EA8B70054FF41 /* Products */ = {
			isa = PBXGroup;
			children = (
				B295058D202EA8B70054FF41 /* SlackTeam.app */,
				B29505A6202EA8B80054FF41 /* SlackTeamTests.xctest */,
				B29505B1202EA8B80054FF41 /* SlackTeamUITests.xctest */,
			);
			name = Products;
			sourceTree = "<group>";
		};
		B295058F202EA8B70054FF41 /* SlackTeam */ = {
			isa = PBXGroup;
			children = (
				B2950590202EA8B70054FF41 /* AppDelegate.swift */,
				B29505C4202FF90D0054FF41 /* Models */,
				B29505C3202FF8F90054FF41 /* Views */,
				B29505C5202FF9130054FF41 /* Controllers */,
				B29505C7203001BA0054FF41 /* Services */,
				B29505C6202FF9270054FF41 /* Resources */,
			);
			path = SlackTeam;
			sourceTree = "<group>";
		};
		B29505A9202EA8B80054FF41 /* SlackTeamTests */ = {
			isa = PBXGroup;
			children = (
				B29505AA202EA8B80054FF41 /* SlackTeamTests.swift */,
				B29505AC202EA8B80054FF41 /* Info.plist */,
			);
			path = SlackTeamTests;
			sourceTree = "<group>";
		};
		B29505B4202EA8B80054FF41 /* SlackTeamUITests */ = {
			isa = PBXGroup;
			children = (
				B29505B5202EA8B80054FF41 /* SlackTeamUITests.swift */,
				B29505B7202EA8B80054FF41 /* Info.plist */,
			);
			path = SlackTeamUITests;
			sourceTree = "<group>";
		};
		B29505C3202FF8F90054FF41 /* Views */ = {
			isa = PBXGroup;
			children = (
				B29505D920303F660054FF41 /* UserCell.swift */,
			);
			path = Views;
			sourceTree = "<group>";
		};
		B29505C4202FF90D0054FF41 /* Models */ = {
			isa = PBXGroup;
			children = (
				B2950592202EA8B70054FF41 /* SlackTeam.xcdatamodeld */,
				B29505CB203013930054FF41 /* User.swift */,
				B29505D5203021D00054FF41 /* User+CoreDataProperties.swift */,
				B29505D7203035990054FF41 /* User+ManagedObjectType.swift */,
				B29505D120301D4E0054FF41 /* ManagedObject.swift */,
				B29505D32030212B0054FF41 /* NSManagedObjectContext+Extensions.swift */,
			);
			path = Models;
			sourceTree = "<group>";
		};
		B29505C5202FF9130054FF41 /* Controllers */ = {
			isa = PBXGroup;
			children = (
				B2950595202EA8B70054FF41 /* MasterViewController.swift */,
				B2950597202EA8B70054FF41 /* DetailViewController.swift */,
			);
			path = Controllers;
			sourceTree = "<group>";
		};
		B29505C6202FF9270054FF41 /* Resources */ = {
			isa = PBXGroup;
			children = (
				B29505A1202EA8B70054FF41 /* Info.plist */,
				B295059C202EA8B70054FF41 /* Assets.xcassets */,
				B295059E202EA8B70054FF41 /* LaunchScreen.storyboard */,
				B2950599202EA8B70054FF41 /* Main.storyboard */,
			);
			path = Resources;
			sourceTree = "<group>";
		};
		B29505C7203001BA0054FF41 /* Services */ = {
			isa = PBXGroup;
			children = (
				B29505C8203001F20054FF41 /* WebService.swift */,
			);
			path = Services;
			sourceTree = "<group>";
		};
/* End PBXGroup section */

/* Begin PBXNativeTarget section */
		B295058C202EA8B70054FF41 /* SlackTeam */ = {
			isa = PBXNativeTarget;
			buildConfigurationList = B29505BA202EA8B80054FF41 /* Build configuration list for PBXNativeTarget "SlackTeam" */;
			buildPhases = (
				5AF634742EE69B2EAA6D7291 /* [CP] Check Pods Manifest.lock */,
				B2950589202EA8B70054FF41 /* Sources */,
				B295058A202EA8B70054FF41 /* Frameworks */,
				B295058B202EA8B70054FF41 /* Resources */,
				CE6D3847C307A0F45D822005 /* [CP] Embed Pods Frameworks */,
				AD6D0F438F768C2E5FAC32FB /* [CP] Copy Pods Resources */,
			);
			buildRules = (
			);
			dependencies = (
			);
			name = SlackTeam;
			productName = SlackTeam;
			productReference = B295058D202EA8B70054FF41 /* SlackTeam.app */;
			productType = "com.apple.product-type.application";
		};
		B29505A5202EA8B80054FF41 /* SlackTeamTests */ = {
			isa = PBXNativeTarget;
			buildConfigurationList = B29505BD202EA8B80054FF41 /* Build configuration list for PBXNativeTarget "SlackTeamTests" */;
			buildPhases = (
				0097ED7F73E0CF75471085E0 /* [CP] Check Pods Manifest.lock */,
				B29505A2202EA8B80054FF41 /* Sources */,
				B29505A3202EA8B80054FF41 /* Frameworks */,
				B29505A4202EA8B80054FF41 /* Resources */,
				62B18FC08261806DC4C0E4FA /* [CP] Embed Pods Frameworks */,
				5B19B6ED31CA0802D6C15C58 /* [CP] Copy Pods Resources */,
			);
			buildRules = (
			);
			dependencies = (
				B29505A8202EA8B80054FF41 /* PBXTargetDependency */,
			);
			name = SlackTeamTests;
			productName = SlackTeamTests;
			productReference = B29505A6202EA8B80054FF41 /* SlackTeamTests.xctest */;
			productType = "com.apple.product-type.bundle.unit-test";
		};
		B29505B0202EA8B80054FF41 /* SlackTeamUITests */ = {
			isa = PBXNativeTarget;
			buildConfigurationList = B29505C0202EA8B80054FF41 /* Build configuration list for PBXNativeTarget "SlackTeamUITests" */;
			buildPhases = (
				9003CEE6604549D185BC3404 /* [CP] Check Pods Manifest.lock */,
				B29505AD202EA8B80054FF41 /* Sources */,
				B29505AE202EA8B80054FF41 /* Frameworks */,
				B29505AF202EA8B80054FF41 /* Resources */,
				DB75B6510EC6D4DCE65CE338 /* [CP] Embed Pods Frameworks */,
				220ADB9909DED42AC4C3DC99 /* [CP] Copy Pods Resources */,
			);
			buildRules = (
			);
			dependencies = (
				B29505B3202EA8B80054FF41 /* PBXTargetDependency */,
			);
			name = SlackTeamUITests;
			productName = SlackTeamUITests;
			productReference = B29505B1202EA8B80054FF41 /* SlackTeamUITests.xctest */;
			productType = "com.apple.product-type.bundle.ui-testing";
		};
/* End PBXNativeTarget section */

/* Begin PBXProject section */
		B2950585202EA8B70054FF41 /* Project object */ = {
			isa = PBXProject;
			attributes = {
				LastSwiftUpdateCheck = 0920;
				LastUpgradeCheck = 0920;
				ORGANIZATIONNAME = "Nicholas Long";
				TargetAttributes = {
					B295058C202EA8B70054FF41 = {
						CreatedOnToolsVersion = 9.2;
						ProvisioningStyle = Automatic;
					};
					B29505A5202EA8B80054FF41 = {
						CreatedOnToolsVersion = 9.2;
						ProvisioningStyle = Automatic;
						TestTargetID = B295058C202EA8B70054FF41;
					};
					B29505B0202EA8B80054FF41 = {
						CreatedOnToolsVersion = 9.2;
						ProvisioningStyle = Automatic;
						TestTargetID = B295058C202EA8B70054FF41;
					};
				};
			};
			buildConfigurationList = B2950588202EA8B70054FF41 /* Build configuration list for PBXProject "SlackTeam" */;
			compatibilityVersion = "Xcode 8.0";
			developmentRegion = en;
			hasScannedForEncodings = 0;
			knownRegions = (
				en,
				Base,
			);
			mainGroup = B2950584202EA8B70054FF41;
			productRefGroup = B295058E202EA8B70054FF41 /* Products */;
			projectDirPath = "";
			projectRoot = "";
			targets = (
				B295058C202EA8B70054FF41 /* SlackTeam */,
				B29505A5202EA8B80054FF41 /* SlackTeamTests */,
				B29505B0202EA8B80054FF41 /* SlackTeamUITests */,
			);
		};
/* End PBXProject section */

/* Begin PBXResourcesBuildPhase section */
		B295058B202EA8B70054FF41 /* Resources */ = {
			isa = PBXResourcesBuildPhase;
			buildActionMask = 2147483647;
			files = (
				B29505A0202EA8B70054FF41 /* LaunchScreen.storyboard in Resources */,
				B295059D202EA8B70054FF41 /* Assets.xcassets in Resources */,
				B295059B202EA8B70054FF41 /* Main.storyboard in Resources */,
			);
			runOnlyForDeploymentPostprocessing = 0;
		};
		B29505A4202EA8B80054FF41 /* Resources */ = {
			isa = PBXResourcesBuildPhase;
			buildActionMask = 2147483647;
			files = (
			);
			runOnlyForDeploymentPostprocessing = 0;
		};
		B29505AF202EA8B80054FF41 /* Resources */ = {
			isa = PBXResourcesBuildPhase;
			buildActionMask = 2147483647;
			files = (
			);
			runOnlyForDeploymentPostprocessing = 0;
		};
/* End PBXResourcesBuildPhase section */

/* Begin PBXShellScriptBuildPhase section */
		0097ED7F73E0CF75471085E0 /* [CP] Check Pods Manifest.lock */ = {
			isa = PBXShellScriptBuildPhase;
			buildActionMask = 2147483647;
			files = (
			);
			inputPaths = (
				"${PODS_PODFILE_DIR_PATH}/Podfile.lock",
				"${PODS_ROOT}/Manifest.lock",
			);
			name = "[CP] Check Pods Manifest.lock";
			outputPaths = (
				"$(DERIVED_FILE_DIR)/Pods-SlackTeamTests-checkManifestLockResult.txt",
			);
			runOnlyForDeploymentPostprocessing = 0;
			shellPath = /bin/sh;
			shellScript = "diff \"${PODS_PODFILE_DIR_PATH}/Podfile.lock\" \"${PODS_ROOT}/Manifest.lock\" > /dev/null\nif [ $? != 0 ] ; then\n    # print error to STDERR\n    echo \"error: The sandbox is not in sync with the Podfile.lock. Run 'pod install' or update your CocoaPods installation.\" >&2\n    exit 1\nfi\n# This output is used by Xcode 'outputs' to avoid re-running this script phase.\necho \"SUCCESS\" > \"${SCRIPT_OUTPUT_FILE_0}\"\n";
			showEnvVarsInLog = 0;
		};
		220ADB9909DED42AC4C3DC99 /* [CP] Copy Pods Resources */ = {
			isa = PBXShellScriptBuildPhase;
			buildActionMask = 2147483647;
			files = (
			);
			inputPaths = (
			);
			name = "[CP] Copy Pods Resources";
			outputPaths = (
			);
			runOnlyForDeploymentPostprocessing = 0;
			shellPath = /bin/sh;
			shellScript = "\"${SRCROOT}/Pods/Target Support Files/Pods-SlackTeamUITests/Pods-SlackTeamUITests-resources.sh\"\n";
			showEnvVarsInLog = 0;
		};
		5AF634742EE69B2EAA6D7291 /* [CP] Check Pods Manifest.lock */ = {
			isa = PBXShellScriptBuildPhase;
			buildActionMask = 2147483647;
			files = (
			);
			inputPaths = (
				"${PODS_PODFILE_DIR_PATH}/Podfile.lock",
				"${PODS_ROOT}/Manifest.lock",
			);
			name = "[CP] Check Pods Manifest.lock";
			outputPaths = (
				"$(DERIVED_FILE_DIR)/Pods-SlackTeam-checkManifestLockResult.txt",
			);
			runOnlyForDeploymentPostprocessing = 0;
			shellPath = /bin/sh;
			shellScript = "diff \"${PODS_PODFILE_DIR_PATH}/Podfile.lock\" \"${PODS_ROOT}/Manifest.lock\" > /dev/null\nif [ $? != 0 ] ; then\n    # print error to STDERR\n    echo \"error: The sandbox is not in sync with the Podfile.lock. Run 'pod install' or update your CocoaPods installation.\" >&2\n    exit 1\nfi\n# This output is used by Xcode 'outputs' to avoid re-running this script phase.\necho \"SUCCESS\" > \"${SCRIPT_OUTPUT_FILE_0}\"\n";
			showEnvVarsInLog = 0;
		};
		5B19B6ED31CA0802D6C15C58 /* [CP] Copy Pods Resources */ = {
			isa = PBXShellScriptBuildPhase;
			buildActionMask = 2147483647;
			files = (
			);
			inputPaths = (
			);
			name = "[CP] Copy Pods Resources";
			outputPaths = (
			);
			runOnlyForDeploymentPostprocessing = 0;
			shellPath = /bin/sh;
			shellScript = "\"${SRCROOT}/Pods/Target Support Files/Pods-SlackTeamTests/Pods-SlackTeamTests-resources.sh\"\n";
			showEnvVarsInLog = 0;
		};
		62B18FC08261806DC4C0E4FA /* [CP] Embed Pods Frameworks */ = {
			isa = PBXShellScriptBuildPhase;
			buildActionMask = 2147483647;
			files = (
			);
			inputPaths = (
			);
			name = "[CP] Embed Pods Frameworks";
			outputPaths = (
			);
			runOnlyForDeploymentPostprocessing = 0;
			shellPath = /bin/sh;
			shellScript = "\"${SRCROOT}/Pods/Target Support Files/Pods-SlackTeamTests/Pods-SlackTeamTests-frameworks.sh\"\n";
			showEnvVarsInLog = 0;
		};
		9003CEE6604549D185BC3404 /* [CP] Check Pods Manifest.lock */ = {
			isa = PBXShellScriptBuildPhase;
			buildActionMask = 2147483647;
			files = (
			);
			inputPaths = (
				"${PODS_PODFILE_DIR_PATH}/Podfile.lock",
				"${PODS_ROOT}/Manifest.lock",
			);
			name = "[CP] Check Pods Manifest.lock";
			outputPaths = (
				"$(DERIVED_FILE_DIR)/Pods-SlackTeamUITests-checkManifestLockResult.txt",
			);
			runOnlyForDeploymentPostprocessing = 0;
			shellPath = /bin/sh;
			shellScript = "diff \"${PODS_PODFILE_DIR_PATH}/Podfile.lock\" \"${PODS_ROOT}/Manifest.lock\" > /dev/null\nif [ $? != 0 ] ; then\n    # print error to STDERR\n    echo \"error: The sandbox is not in sync with the Podfile.lock. Run 'pod install' or update your CocoaPods installation.\" >&2\n    exit 1\nfi\n# This output is used by Xcode 'outputs' to avoid re-running this script phase.\necho \"SUCCESS\" > \"${SCRIPT_OUTPUT_FILE_0}\"\n";
			showEnvVarsInLog = 0;
		};
		AD6D0F438F768C2E5FAC32FB /* [CP] Copy Pods Resources */ = {
			isa = PBXShellScriptBuildPhase;
			buildActionMask = 2147483647;
			files = (
			);
			inputPaths = (
			);
			name = "[CP] Copy Pods Resources";
			outputPaths = (
			);
			runOnlyForDeploymentPostprocessing = 0;
			shellPath = /bin/sh;
			shellScript = "\"${SRCROOT}/Pods/Target Support Files/Pods-SlackTeam/Pods-SlackTeam-resources.sh\"\n";
			showEnvVarsInLog = 0;
		};
		CE6D3847C307A0F45D822005 /* [CP] Embed Pods Frameworks */ = {
			isa = PBXShellScriptBuildPhase;
			buildActionMask = 2147483647;
			files = (
			);
			inputPaths = (
				"${SRCROOT}/Pods/Target Support Files/Pods-SlackTeam/Pods-SlackTeam-frameworks.sh",
				"${BUILT_PRODUCTS_DIR}/AFNetworking/AFNetworking.framework",
			);
			name = "[CP] Embed Pods Frameworks";
			outputPaths = (
				"${TARGET_BUILD_DIR}/${FRAMEWORKS_FOLDER_PATH}/AFNetworking.framework",
			);
			runOnlyForDeploymentPostprocessing = 0;
			shellPath = /bin/sh;
			shellScript = "\"${SRCROOT}/Pods/Target Support Files/Pods-SlackTeam/Pods-SlackTeam-frameworks.sh\"\n";
			showEnvVarsInLog = 0;
		};
		DB75B6510EC6D4DCE65CE338 /* [CP] Embed Pods Frameworks */ = {
			isa = PBXShellScriptBuildPhase;
			buildActionMask = 2147483647;
			files = (
			);
			inputPaths = (
			);
			name = "[CP] Embed Pods Frameworks";
			outputPaths = (
			);
			runOnlyForDeploymentPostprocessing = 0;
			shellPath = /bin/sh;
			shellScript = "\"${SRCROOT}/Pods/Target Support Files/Pods-SlackTeamUITests/Pods-SlackTeamUITests-frameworks.sh\"\n";
			showEnvVarsInLog = 0;
		};
/* End PBXShellScriptBuildPhase section */

/* Begin PBXSourcesBuildPhase section */
		B2950589202EA8B70054FF41 /* Sources */ = {
			isa = PBXSourcesBuildPhase;
			buildActionMask = 2147483647;
			files = (
				B29505D220301D4E0054FF41 /* ManagedObject.swift in Sources */,
				B29505CC203013930054FF41 /* User.swift in Sources */,
				B2950591202EA8B70054FF41 /* AppDelegate.swift in Sources */,
				B2950594202EA8B70054FF41 /* SlackTeam.xcdatamodeld in Sources */,
				B29505D42030212B0054FF41 /* NSManagedObjectContext+Extensions.swift in Sources */,
				B2950596202EA8B70054FF41 /* MasterViewController.swift in Sources */,
				B29505C9203001F20054FF41 /* WebService.swift in Sources */,
				B2950598202EA8B70054FF41 /* DetailViewController.swift in Sources */,
				B29505D6203021D00054FF41 /* User+CoreDataProperties.swift in Sources */,
				B29505DA20303F660054FF41 /* UserCell.swift in Sources */,
				B29505D8203035990054FF41 /* User+ManagedObjectType.swift in Sources */,
			);
			runOnlyForDeploymentPostprocessing = 0;
		};
		B29505A2202EA8B80054FF41 /* Sources */ = {
			isa = PBXSourcesBuildPhase;
			buildActionMask = 2147483647;
			files = (
				B29505AB202EA8B80054FF41 /* SlackTeamTests.swift in Sources */,
			);
			runOnlyForDeploymentPostprocessing = 0;
		};
		B29505AD202EA8B80054FF41 /* Sources */ = {
			isa = PBXSourcesBuildPhase;
			buildActionMask = 2147483647;
			files = (
				B29505B6202EA8B80054FF41 /* SlackTeamUITests.swift in Sources */,
			);
			runOnlyForDeploymentPostprocessing = 0;
		};
/* End PBXSourcesBuildPhase section */

/* Begin PBXTargetDependency section */
		B29505A8202EA8B80054FF41 /* PBXTargetDependency */ = {
			isa = PBXTargetDependency;
			target = B295058C202EA8B70054FF41 /* SlackTeam */;
			targetProxy = B29505A7202EA8B80054FF41 /* PBXContainerItemProxy */;
		};
		B29505B3202EA8B80054FF41 /* PBXTargetDependency */ = {
			isa = PBXTargetDependency;
			target = B295058C202EA8B70054FF41 /* SlackTeam */;
			targetProxy = B29505B2202EA8B80054FF41 /* PBXContainerItemProxy */;
		};
/* End PBXTargetDependency section */

/* Begin PBXVariantGroup section */
		B2950599202EA8B70054FF41 /* Main.storyboard */ = {
			isa = PBXVariantGroup;
			children = (
				B295059A202EA8B70054FF41 /* Base */,
			);
			name = Main.storyboard;
			sourceTree = "<group>";
		};
		B295059E202EA8B70054FF41 /* LaunchScreen.storyboard */ = {
			isa = PBXVariantGroup;
			children = (
				B295059F202EA8B70054FF41 /* Base */,
			);
			name = LaunchScreen.storyboard;
			sourceTree = "<group>";
		};
/* End PBXVariantGroup section */

/* Begin XCBuildConfiguration section */
		B29505B8202EA8B80054FF41 /* Debug */ = {
			isa = XCBuildConfiguration;
			buildSettings = {
				ALWAYS_SEARCH_USER_PATHS = NO;
				CLANG_ANALYZER_NONNULL = YES;
				CLANG_ANALYZER_NUMBER_OBJECT_CONVERSION = YES_AGGRESSIVE;
				CLANG_CXX_LANGUAGE_STANDARD = "gnu++14";
				CLANG_CXX_LIBRARY = "libc++";
				CLANG_ENABLE_MODULES = YES;
				CLANG_ENABLE_OBJC_ARC = YES;
				CLANG_WARN_BLOCK_CAPTURE_AUTORELEASING = YES;
				CLANG_WARN_BOOL_CONVERSION = YES;
				CLANG_WARN_COMMA = YES;
				CLANG_WARN_CONSTANT_CONVERSION = YES;
				CLANG_WARN_DIRECT_OBJC_ISA_USAGE = YES_ERROR;
				CLANG_WARN_DOCUMENTATION_COMMENTS = YES;
				CLANG_WARN_EMPTY_BODY = YES;
				CLANG_WARN_ENUM_CONVERSION = YES;
				CLANG_WARN_INFINITE_RECURSION = YES;
				CLANG_WARN_INT_CONVERSION = YES;
				CLANG_WARN_NON_LITERAL_NULL_CONVERSION = YES;
				CLANG_WARN_OBJC_LITERAL_CONVERSION = YES;
				CLANG_WARN_OBJC_ROOT_CLASS = YES_ERROR;
				CLANG_WARN_RANGE_LOOP_ANALYSIS = YES;
				CLANG_WARN_STRICT_PROTOTYPES = YES;
				CLANG_WARN_SUSPICIOUS_MOVE = YES;
				CLANG_WARN_UNGUARDED_AVAILABILITY = YES_AGGRESSIVE;
				CLANG_WARN_UNREACHABLE_CODE = YES;
				CLANG_WARN__DUPLICATE_METHOD_MATCH = YES;
				CODE_SIGN_IDENTITY = "iPhone Developer";
				COPY_PHASE_STRIP = NO;
				DEBUG_INFORMATION_FORMAT = dwarf;
				ENABLE_STRICT_OBJC_MSGSEND = YES;
				ENABLE_TESTABILITY = YES;
				GCC_C_LANGUAGE_STANDARD = gnu11;
				GCC_DYNAMIC_NO_PIC = NO;
				GCC_NO_COMMON_BLOCKS = YES;
				GCC_OPTIMIZATION_LEVEL = 0;
				GCC_PREPROCESSOR_DEFINITIONS = (
					"DEBUG=1",
					"$(inherited)",
				);
				GCC_WARN_64_TO_32_BIT_CONVERSION = YES;
				GCC_WARN_ABOUT_RETURN_TYPE = YES_ERROR;
				GCC_WARN_UNDECLARED_SELECTOR = YES;
				GCC_WARN_UNINITIALIZED_AUTOS = YES_AGGRESSIVE;
				GCC_WARN_UNUSED_FUNCTION = YES;
				GCC_WARN_UNUSED_VARIABLE = YES;
				IPHONEOS_DEPLOYMENT_TARGET = 11.2;
				MTL_ENABLE_DEBUG_INFO = YES;
				ONLY_ACTIVE_ARCH = YES;
				SDKROOT = iphoneos;
				SWIFT_ACTIVE_COMPILATION_CONDITIONS = DEBUG;
				SWIFT_OPTIMIZATION_LEVEL = "-Onone";
			};
			name = Debug;
		};
		B29505B9202EA8B80054FF41 /* Release */ = {
			isa = XCBuildConfiguration;
			buildSettings = {
				ALWAYS_SEARCH_USER_PATHS = NO;
				CLANG_ANALYZER_NONNULL = YES;
				CLANG_ANALYZER_NUMBER_OBJECT_CONVERSION = YES_AGGRESSIVE;
				CLANG_CXX_LANGUAGE_STANDARD = "gnu++14";
				CLANG_CXX_LIBRARY = "libc++";
				CLANG_ENABLE_MODULES = YES;
				CLANG_ENABLE_OBJC_ARC = YES;
				CLANG_WARN_BLOCK_CAPTURE_AUTORELEASING = YES;
				CLANG_WARN_BOOL_CONVERSION = YES;
				CLANG_WARN_COMMA = YES;
				CLANG_WARN_CONSTANT_CONVERSION = YES;
				CLANG_WARN_DIRECT_OBJC_ISA_USAGE = YES_ERROR;
				CLANG_WARN_DOCUMENTATION_COMMENTS = YES;
				CLANG_WARN_EMPTY_BODY = YES;
				CLANG_WARN_ENUM_CONVERSION = YES;
				CLANG_WARN_INFINITE_RECURSION = YES;
				CLANG_WARN_INT_CONVERSION = YES;
				CLANG_WARN_NON_LITERAL_NULL_CONVERSION = YES;
				CLANG_WARN_OBJC_LITERAL_CONVERSION = YES;
				CLANG_WARN_OBJC_ROOT_CLASS = YES_ERROR;
				CLANG_WARN_RANGE_LOOP_ANALYSIS = YES;
				CLANG_WARN_STRICT_PROTOTYPES = YES;
				CLANG_WARN_SUSPICIOUS_MOVE = YES;
				CLANG_WARN_UNGUARDED_AVAILABILITY = YES_AGGRESSIVE;
				CLANG_WARN_UNREACHABLE_CODE = YES;
				CLANG_WARN__DUPLICATE_METHOD_MATCH = YES;
				CODE_SIGN_IDENTITY = "iPhone Developer";
				COPY_PHASE_STRIP = NO;
				DEBUG_INFORMATION_FORMAT = "dwarf-with-dsym";
				ENABLE_NS_ASSERTIONS = NO;
				ENABLE_STRICT_OBJC_MSGSEND = YES;
				GCC_C_LANGUAGE_STANDARD = gnu11;
				GCC_NO_COMMON_BLOCKS = YES;
				GCC_WARN_64_TO_32_BIT_CONVERSION = YES;
				GCC_WARN_ABOUT_RETURN_TYPE = YES_ERROR;
				GCC_WARN_UNDECLARED_SELECTOR = YES;
				GCC_WARN_UNINITIALIZED_AUTOS = YES_AGGRESSIVE;
				GCC_WARN_UNUSED_FUNCTION = YES;
				GCC_WARN_UNUSED_VARIABLE = YES;
				IPHONEOS_DEPLOYMENT_TARGET = 11.2;
				MTL_ENABLE_DEBUG_INFO = NO;
				SDKROOT = iphoneos;
				SWIFT_OPTIMIZATION_LEVEL = "-Owholemodule";
				VALIDATE_PRODUCT = YES;
			};
			name = Release;
		};
		B29505BB202EA8B80054FF41 /* Debug */ = {
			isa = XCBuildConfiguration;
			baseConfigurationReference = 9EF9CA37C22C6488A423E73D /* Pods-SlackTeam.debug.xcconfig */;
			buildSettings = {
				ASSETCATALOG_COMPILER_APPICON_NAME = AppIcon;
				CODE_SIGN_STYLE = Automatic;
				DEVELOPMENT_TEAM = LB8A5Y93K6;
				INFOPLIST_FILE = "$(SRCROOT)/SlackTeam/Resources/Info.plist";
				LD_RUNPATH_SEARCH_PATHS = "$(inherited) @executable_path/Frameworks";
				PRODUCT_BUNDLE_IDENTIFIER = com.nicholaslong.SlackTeam;
				PRODUCT_NAME = "$(TARGET_NAME)";
				SWIFT_VERSION = 4.0;
				TARGETED_DEVICE_FAMILY = "1,2";
			};
			name = Debug;
		};
		B29505BC202EA8B80054FF41 /* Release */ = {
			isa = XCBuildConfiguration;
			baseConfigurationReference = 2B174F0DDFE59983285365DC /* Pods-SlackTeam.release.xcconfig */;
			buildSettings = {
				ASSETCATALOG_COMPILER_APPICON_NAME = AppIcon;
				CODE_SIGN_STYLE = Automatic;
				DEVELOPMENT_TEAM = LB8A5Y93K6;
				INFOPLIST_FILE = "$(SRCROOT)/SlackTeam/Resources/Info.plist";
				LD_RUNPATH_SEARCH_PATHS = "$(inherited) @executable_path/Frameworks";
				PRODUCT_BUNDLE_IDENTIFIER = com.nicholaslong.SlackTeam;
				PRODUCT_NAME = "$(TARGET_NAME)";
				SWIFT_VERSION = 4.0;
				TARGETED_DEVICE_FAMILY = "1,2";
			};
			name = Release;
		};
		B29505BE202EA8B80054FF41 /* Debug */ = {
			isa = XCBuildConfiguration;
			baseConfigurationReference = C170EAFAE3B0CD01C7CDE38F /* Pods-SlackTeamTests.debug.xcconfig */;
			buildSettings = {
				ALWAYS_EMBED_SWIFT_STANDARD_LIBRARIES = YES;
				BUNDLE_LOADER = "$(TEST_HOST)";
				CODE_SIGN_STYLE = Automatic;
				DEVELOPMENT_TEAM = LB8A5Y93K6;
				INFOPLIST_FILE = SlackTeamTests/Info.plist;
				LD_RUNPATH_SEARCH_PATHS = "$(inherited) @executable_path/Frameworks @loader_path/Frameworks";
				PRODUCT_BUNDLE_IDENTIFIER = com.nicholaslong.SlackTeamTests;
				PRODUCT_NAME = "$(TARGET_NAME)";
				SWIFT_VERSION = 4.0;
				TARGETED_DEVICE_FAMILY = "1,2";
				TEST_HOST = "$(BUILT_PRODUCTS_DIR)/SlackTeam.app/SlackTeam";
			};
			name = Debug;
		};
		B29505BF202EA8B80054FF41 /* Release */ = {
			isa = XCBuildConfiguration;
			baseConfigurationReference = EE606B94271831EEDC709ABC /* Pods-SlackTeamTests.release.xcconfig */;
			buildSettings = {
				ALWAYS_EMBED_SWIFT_STANDARD_LIBRARIES = YES;
				BUNDLE_LOADER = "$(TEST_HOST)";
				CODE_SIGN_STYLE = Automatic;
				DEVELOPMENT_TEAM = LB8A5Y93K6;
				INFOPLIST_FILE = SlackTeamTests/Info.plist;
				LD_RUNPATH_SEARCH_PATHS = "$(inherited) @executable_path/Frameworks @loader_path/Frameworks";
				PRODUCT_BUNDLE_IDENTIFIER = com.nicholaslong.SlackTeamTests;
				PRODUCT_NAME = "$(TARGET_NAME)";
				SWIFT_VERSION = 4.0;
				TARGETED_DEVICE_FAMILY = "1,2";
				TEST_HOST = "$(BUILT_PRODUCTS_DIR)/SlackTeam.app/SlackTeam";
			};
			name = Release;
		};
		B29505C1202EA8B80054FF41 /* Debug */ = {
			isa = XCBuildConfiguration;
			baseConfigurationReference = CAE6705638D67BE044674959 /* Pods-SlackTeamUITests.debug.xcconfig */;
			buildSettings = {
				ALWAYS_EMBED_SWIFT_STANDARD_LIBRARIES = YES;
				CODE_SIGN_STYLE = Automatic;
				DEVELOPMENT_TEAM = LB8A5Y93K6;
				INFOPLIST_FILE = SlackTeamUITests/Info.plist;
				LD_RUNPATH_SEARCH_PATHS = "$(inherited) @executable_path/Frameworks @loader_path/Frameworks";
				PRODUCT_BUNDLE_IDENTIFIER = com.nicholaslong.SlackTeamUITests;
				PRODUCT_NAME = "$(TARGET_NAME)";
				SWIFT_VERSION = 4.0;
				TARGETED_DEVICE_FAMILY = "1,2";
				TEST_TARGET_NAME = SlackTeam;
			};
			name = Debug;
		};
		B29505C2202EA8B80054FF41 /* Release */ = {
			isa = XCBuildConfiguration;
			baseConfigurationReference = C2ED8C6753656B6CF3B0EA5D /* Pods-SlackTeamUITests.release.xcconfig */;
			buildSettings = {
				ALWAYS_EMBED_SWIFT_STANDARD_LIBRARIES = YES;
				CODE_SIGN_STYLE = Automatic;
				DEVELOPMENT_TEAM = LB8A5Y93K6;
				INFOPLIST_FILE = SlackTeamUITests/Info.plist;
				LD_RUNPATH_SEARCH_PATHS = "$(inherited) @executable_path/Frameworks @loader_path/Frameworks";
				PRODUCT_BUNDLE_IDENTIFIER = com.nicholaslong.SlackTeamUITests;
				PRODUCT_NAME = "$(TARGET_NAME)";
				SWIFT_VERSION = 4.0;
				TARGETED_DEVICE_FAMILY = "1,2";
				TEST_TARGET_NAME = SlackTeam;
			};
			name = Release;
		};
/* End XCBuildConfiguration section */

/* Begin XCConfigurationList section */
		B2950588202EA8B70054FF41 /* Build configuration list for PBXProject "SlackTeam" */ = {
			isa = XCConfigurationList;
			buildConfigurations = (
				B29505B8202EA8B80054FF41 /* Debug */,
				B29505B9202EA8B80054FF41 /* Release */,
			);
			defaultConfigurationIsVisible = 0;
			defaultConfigurationName = Release;
		};
		B29505BA202EA8B80054FF41 /* Build configuration list for PBXNativeTarget "SlackTeam" */ = {
			isa = XCConfigurationList;
			buildConfigurations = (
				B29505BB202EA8B80054FF41 /* Debug */,
				B29505BC202EA8B80054FF41 /* Release */,
			);
			defaultConfigurationIsVisible = 0;
			defaultConfigurationName = Release;
		};
		B29505BD202EA8B80054FF41 /* Build configuration list for PBXNativeTarget "SlackTeamTests" */ = {
			isa = XCConfigurationList;
			buildConfigurations = (
				B29505BE202EA8B80054FF41 /* Debug */,
				B29505BF202EA8B80054FF41 /* Release */,
			);
			defaultConfigurationIsVisible = 0;
			defaultConfigurationName = Release;
		};
		B29505C0202EA8B80054FF41 /* Build configuration list for PBXNativeTarget "SlackTeamUITests" */ = {
			isa = XCConfigurationList;
			buildConfigurations = (
				B29505C1202EA8B80054FF41 /* Debug */,
				B29505C2202EA8B80054FF41 /* Release */,
			);
			defaultConfigurationIsVisible = 0;
			defaultConfigurationName = Release;
		};
/* End XCConfigurationList section */

/* Begin XCVersionGroup section */
		B2950592202EA8B70054FF41 /* SlackTeam.xcdatamodeld */ = {
			isa = XCVersionGroup;
			children = (
				B2950593202EA8B70054FF41 /* SlackTeam.xcdatamodel */,
			);
			currentVersion = B2950593202EA8B70054FF41 /* SlackTeam.xcdatamodel */;
			path = SlackTeam.xcdatamodeld;
			sourceTree = "<group>";
			versionGroupType = wrapper.xcdatamodel;
		};
/* End XCVersionGroup section */
	};
	rootObject = B2950585202EA8B70054FF41 /* Project object */;
}
